
Microsoft Visual Studio Solution File, Format Version 12.00
# Visual Studio Version 16
VisualStudioVersion = 16.0.29728.190
MinimumVisualStudioVersion = 10.0.40219.1
Project("{E53339B2-1760-4266-BCC7-CA923CBCF16C}") = "docker-compose", "docker-compose.dcproj", "{88A6FD86-5A09-4B01-A108-0A3E5E46FA97}"
EndProject
Project("{2150E333-8FDC-42A3-9474-1A3956D46DE8}") = "Services", "Services", "{91054B8F-6B80-49D5-B3F1-415C43CAD059}"
EndProject
Project("{2150E333-8FDC-42A3-9474-1A3956D46DE8}") = "Gui", "Gui", "{F5D5C0A9-DBA8-4D89-BED2-BC5E3CEA0E25}"
EndProject
Project("{2150E333-8FDC-42A3-9474-1A3956D46DE8}") = "Udalost", "Udalost", "{3EF95272-BE38-412B-8666-08F416A7BECE}"
EndProject
Project("{9A19103F-16F7-4668-BE54-9A1E7A4F7556}") = "Udalost_Api", "Services\Udalost\Udalost_Api\Udalost_Api.csproj", "{CBFC9C10-7825-4D86-A220-271C4A8206A5}"
EndProject
Project("{9A19103F-16F7-4668-BE54-9A1E7A4F7556}") = "KancelarWeb", "Gui\KancelarWeb\KancelarWeb.csproj", "{15127C39-D48F-403A-8903-9271B6D3A0AA}"
EndProject
Project("{2150E333-8FDC-42A3-9474-1A3956D46DE8}") = "Uzivatel", "Uzivatel", "{C5C4FBA8-906D-4E27-9059-E1B30E181E2F}"
EndProject
Project("{2150E333-8FDC-42A3-9474-1A3956D46DE8}") = "Dochazka", "Dochazka", "{97ADFF6C-54B4-437E-B624-699BF2C91FCB}"
EndProject
Project("{9A19103F-16F7-4668-BE54-9A1E7A4F7556}") = "Dochazka_Api", "Services\Dochazka\Dochazka_Api\Dochazka_Api.csproj", "{189BB438-64B2-4924-B858-8ABA775A526D}"
EndProject
Project("{2150E333-8FDC-42A3-9474-1A3956D46DE8}") = "Communication", "Communication", "{17C6D484-1F80-4161-A899-259D2DAF4B9D}"
EndProject
Project("{9A19103F-16F7-4668-BE54-9A1E7A4F7556}") = "CommandHandler", "RabbitHandlers\CommandHandler\CommandHandler.csproj", "{8C6EDD88-C53B-45B2-9BB0-D46C5C5A307E}"
EndProject
Project("{2150E333-8FDC-42A3-9474-1A3956D46DE8}") = "Api", "Api", "{63E4C573-2E0D-405C-924C-1B76529200B0}"
EndProject
Project("{9A19103F-16F7-4668-BE54-9A1E7A4F7556}") = "WebApi", "Api\WebApi\WebApi.csproj", "{6DBEC2E1-5AFC-4B0B-BA78-C133D50A71F0}"
EndProject
Project("{2150E333-8FDC-42A3-9474-1A3956D46DE8}") = "Pritomnost", "Pritomnost", "{5C84E47F-5084-450E-B405-80D9AC44CFCB}"
EndProject
Project("{9A19103F-16F7-4668-BE54-9A1E7A4F7556}") = "Uzivatel_Api", "Services\Uzivatel\Uzivatel_Api\Uzivatel_Api.csproj", "{5D481B68-68D8-4BAA-98EF-3A3643EE216D}"
EndProject
Project("{2150E333-8FDC-42A3-9474-1A3956D46DE8}") = "EventStore", "EventStore", "{FDF8CCB4-ED95-4EA9-9B70-4DAF530D7A2E}"
EndProject
Project("{2150E333-8FDC-42A3-9474-1A3956D46DE8}") = "Solution Items", "Solution Items", "{44BB78CE-6047-4645-B8F7-157757DB6FA0}"
	ProjectSection(SolutionItems) = preProject
		.editorconfig = .editorconfig
	EndProjectSection
EndProject
Project("{2150E333-8FDC-42A3-9474-1A3956D46DE8}") = "Monitor", "Monitor", "{809AD071-815E-4CA3-9563-AFC438280F16}"
EndProject
Project("{9A19103F-16F7-4668-BE54-9A1E7A4F7556}") = "Monitor", "Services\Monitor\Monitor\Monitor.csproj", "{822AD000-7187-4EFB-824F-5BEB3E43193E}"
EndProject
Project("{2150E333-8FDC-42A3-9474-1A3956D46DE8}") = "Kalendar", "Kalendar", "{DEC902A5-34EE-427E-B7CD-0B8C1FD90DA3}"
EndProject
Project("{9A19103F-16F7-4668-BE54-9A1E7A4F7556}") = "Kalendar_Api", "Services\Kalendar\Kalendar_Api\Kalendar_Api.csproj", "{4184E10D-FFA5-4385-ACBE-2876129F839F}"
EndProject
Project("{9A19103F-16F7-4668-BE54-9A1E7A4F7556}") = "EventStore", "Services\EventStore\EventStore_Api\EventStore.csproj", "{EF6ADCA9-337E-44A6-9A98-670520D19013}"
EndProject
Project("{2150E333-8FDC-42A3-9474-1A3956D46DE8}") = "Template", "Template", "{44B5E574-18F3-4479-AAC7-D006A3717C76}"
EndProject
Project("{9A19103F-16F7-4668-BE54-9A1E7A4F7556}") = "Template", "Services\Template\Template\Template.csproj", "{D854008A-1563-4945-9D98-EBCD23DA6A7A}"
EndProject
Global
	GlobalSection(SolutionConfigurationPlatforms) = preSolution
		Debug|Any CPU = Debug|Any CPU
		Release|Any CPU = Release|Any CPU
	EndGlobalSection
	GlobalSection(ProjectConfigurationPlatforms) = postSolution
		{88A6FD86-5A09-4B01-A108-0A3E5E46FA97}.Debug|Any CPU.ActiveCfg = Debug|Any CPU
		{88A6FD86-5A09-4B01-A108-0A3E5E46FA97}.Debug|Any CPU.Build.0 = Debug|Any CPU
		{88A6FD86-5A09-4B01-A108-0A3E5E46FA97}.Release|Any CPU.ActiveCfg = Release|Any CPU
		{88A6FD86-5A09-4B01-A108-0A3E5E46FA97}.Release|Any CPU.Build.0 = Release|Any CPU
		{CBFC9C10-7825-4D86-A220-271C4A8206A5}.Debug|Any CPU.ActiveCfg = Debug|Any CPU
		{CBFC9C10-7825-4D86-A220-271C4A8206A5}.Debug|Any CPU.Build.0 = Debug|Any CPU
		{CBFC9C10-7825-4D86-A220-271C4A8206A5}.Release|Any CPU.ActiveCfg = Release|Any CPU
		{CBFC9C10-7825-4D86-A220-271C4A8206A5}.Release|Any CPU.Build.0 = Release|Any CPU
		{15127C39-D48F-403A-8903-9271B6D3A0AA}.Debug|Any CPU.ActiveCfg = Debug|Any CPU
		{15127C39-D48F-403A-8903-9271B6D3A0AA}.Debug|Any CPU.Build.0 = Debug|Any CPU
		{15127C39-D48F-403A-8903-9271B6D3A0AA}.Release|Any CPU.ActiveCfg = Release|Any CPU
		{15127C39-D48F-403A-8903-9271B6D3A0AA}.Release|Any CPU.Build.0 = Release|Any CPU
		{189BB438-64B2-4924-B858-8ABA775A526D}.Debug|Any CPU.ActiveCfg = Debug|Any CPU
		{189BB438-64B2-4924-B858-8ABA775A526D}.Debug|Any CPU.Build.0 = Debug|Any CPU
		{189BB438-64B2-4924-B858-8ABA775A526D}.Release|Any CPU.ActiveCfg = Release|Any CPU
		{189BB438-64B2-4924-B858-8ABA775A526D}.Release|Any CPU.Build.0 = Release|Any CPU
		{8C6EDD88-C53B-45B2-9BB0-D46C5C5A307E}.Debug|Any CPU.ActiveCfg = Debug|Any CPU
		{8C6EDD88-C53B-45B2-9BB0-D46C5C5A307E}.Debug|Any CPU.Build.0 = Debug|Any CPU
		{8C6EDD88-C53B-45B2-9BB0-D46C5C5A307E}.Release|Any CPU.ActiveCfg = Release|Any CPU
		{8C6EDD88-C53B-45B2-9BB0-D46C5C5A307E}.Release|Any CPU.Build.0 = Release|Any CPU
		{6DBEC2E1-5AFC-4B0B-BA78-C133D50A71F0}.Debug|Any CPU.ActiveCfg = Debug|Any CPU
		{6DBEC2E1-5AFC-4B0B-BA78-C133D50A71F0}.Debug|Any CPU.Build.0 = Debug|Any CPU
		{6DBEC2E1-5AFC-4B0B-BA78-C133D50A71F0}.Release|Any CPU.ActiveCfg = Release|Any CPU
		{6DBEC2E1-5AFC-4B0B-BA78-C133D50A71F0}.Release|Any CPU.Build.0 = Release|Any CPU
		{5D481B68-68D8-4BAA-98EF-3A3643EE216D}.Debug|Any CPU.ActiveCfg = Debug|Any CPU
		{5D481B68-68D8-4BAA-98EF-3A3643EE216D}.Debug|Any CPU.Build.0 = Debug|Any CPU
		{5D481B68-68D8-4BAA-98EF-3A3643EE216D}.Release|Any CPU.ActiveCfg = Release|Any CPU
		{5D481B68-68D8-4BAA-98EF-3A3643EE216D}.Release|Any CPU.Build.0 = Release|Any CPU
		{822AD000-7187-4EFB-824F-5BEB3E43193E}.Debug|Any CPU.ActiveCfg = Debug|Any CPU
		{822AD000-7187-4EFB-824F-5BEB3E43193E}.Debug|Any CPU.Build.0 = Debug|Any CPU
		{822AD000-7187-4EFB-824F-5BEB3E43193E}.Release|Any CPU.ActiveCfg = Release|Any CPU
		{822AD000-7187-4EFB-824F-5BEB3E43193E}.Release|Any CPU.Build.0 = Release|Any CPU
		{4184E10D-FFA5-4385-ACBE-2876129F839F}.Debug|Any CPU.ActiveCfg = Debug|Any CPU
		{4184E10D-FFA5-4385-ACBE-2876129F839F}.Debug|Any CPU.Build.0 = Debug|Any CPU
		{4184E10D-FFA5-4385-ACBE-2876129F839F}.Release|Any CPU.ActiveCfg = Release|Any CPU
		{4184E10D-FFA5-4385-ACBE-2876129F839F}.Release|Any CPU.Build.0 = Release|Any CPU
		{EF6ADCA9-337E-44A6-9A98-670520D19013}.Debug|Any CPU.ActiveCfg = Debug|Any CPU
		{EF6ADCA9-337E-44A6-9A98-670520D19013}.Debug|Any CPU.Build.0 = Debug|Any CPU
		{EF6ADCA9-337E-44A6-9A98-670520D19013}.Release|Any CPU.ActiveCfg = Release|Any CPU
		{EF6ADCA9-337E-44A6-9A98-670520D19013}.Release|Any CPU.Build.0 = Release|Any CPU
		{D854008A-1563-4945-9D98-EBCD23DA6A7A}.Debug|Any CPU.ActiveCfg = Debug|Any CPU
		{D854008A-1563-4945-9D98-EBCD23DA6A7A}.Debug|Any CPU.Build.0 = Debug|Any CPU
		{D854008A-1563-4945-9D98-EBCD23DA6A7A}.Release|Any CPU.ActiveCfg = Release|Any CPU
		{D854008A-1563-4945-9D98-EBCD23DA6A7A}.Release|Any CPU.Build.0 = Release|Any CPU
	EndGlobalSection
	GlobalSection(SolutionProperties) = preSolution
		HideSolutionNode = FALSE
	EndGlobalSection
	GlobalSection(NestedProjects) = preSolution
		{3EF95272-BE38-412B-8666-08F416A7BECE} = {91054B8F-6B80-49D5-B3F1-415C43CAD059}
		{CBFC9C10-7825-4D86-A220-271C4A8206A5} = {3EF95272-BE38-412B-8666-08F416A7BECE}
		{15127C39-D48F-403A-8903-9271B6D3A0AA} = {F5D5C0A9-DBA8-4D89-BED2-BC5E3CEA0E25}
		{C5C4FBA8-906D-4E27-9059-E1B30E181E2F} = {91054B8F-6B80-49D5-B3F1-415C43CAD059}
		{97ADFF6C-54B4-437E-B624-699BF2C91FCB} = {91054B8F-6B80-49D5-B3F1-415C43CAD059}
		{189BB438-64B2-4924-B858-8ABA775A526D} = {97ADFF6C-54B4-437E-B624-699BF2C91FCB}
		{8C6EDD88-C53B-45B2-9BB0-D46C5C5A307E} = {17C6D484-1F80-4161-A899-259D2DAF4B9D}
		{6DBEC2E1-5AFC-4B0B-BA78-C133D50A71F0} = {63E4C573-2E0D-405C-924C-1B76529200B0}
		{5C84E47F-5084-450E-B405-80D9AC44CFCB} = {91054B8F-6B80-49D5-B3F1-415C43CAD059}
		{5D481B68-68D8-4BAA-98EF-3A3643EE216D} = {C5C4FBA8-906D-4E27-9059-E1B30E181E2F}
		{FDF8CCB4-ED95-4EA9-9B70-4DAF530D7A2E} = {91054B8F-6B80-49D5-B3F1-415C43CAD059}
		{809AD071-815E-4CA3-9563-AFC438280F16} = {91054B8F-6B80-49D5-B3F1-415C43CAD059}
		{822AD000-7187-4EFB-824F-5BEB3E43193E} = {809AD071-815E-4CA3-9563-AFC438280F16}
		{DEC902A5-34EE-427E-B7CD-0B8C1FD90DA3} = {91054B8F-6B80-49D5-B3F1-415C43CAD059}
		{4184E10D-FFA5-4385-ACBE-2876129F839F} = {DEC902A5-34EE-427E-B7CD-0B8C1FD90DA3}
		{EF6ADCA9-337E-44A6-9A98-670520D19013} = {FDF8CCB4-ED95-4EA9-9B70-4DAF530D7A2E}
		{44B5E574-18F3-4479-AAC7-D006A3717C76} = {91054B8F-6B80-49D5-B3F1-415C43CAD059}
		{D854008A-1563-4945-9D98-EBCD23DA6A7A} = {44B5E574-18F3-4479-AAC7-D006A3717C76}
	EndGlobalSection
	GlobalSection(ExtensibilityGlobals) = postSolution
		SolutionGuid = {FA02534C-DA03-44C8-9DAA-704670F31BEC}
	EndGlobalSection
EndGlobal
