
Microsoft Visual Studio Solution File, Format Version 12.00
# Visual Studio Version 16
VisualStudioVersion = 16.0.29728.190
MinimumVisualStudioVersion = 10.0.40219.1
Project("{E53339B2-1760-4266-BCC7-CA923CBCF16C}") = "docker-compose", "docker-compose.dcproj", "{88A6FD86-5A09-4B01-A108-0A3E5E46FA97}"
EndProject
Project("{2150E333-8FDC-42A3-9474-1A3956D46DE8}") = "Services", "Services", "{91054B8F-6B80-49D5-B3F1-415C43CAD059}"
EndProject
Project("{2150E333-8FDC-42A3-9474-1A3956D46DE8}") = "Gui", "Gui", "{F5D5C0A9-DBA8-4D89-BED2-BC5E3CEA0E25}"
EndProject
Project("{2150E333-8FDC-42A3-9474-1A3956D46DE8}") = "Udalost", "Udalost", "{3EF95272-BE38-412B-8666-08F416A7BECE}"
EndProject
Project("{9A19103F-16F7-4668-BE54-9A1E7A4F7556}") = "Udalost_Api", "Services\Udalost\Udalost_Api\Udalost_Api.csproj", "{CBFC9C10-7825-4D86-A220-271C4A8206A5}"
EndProject
Project("{9A19103F-16F7-4668-BE54-9A1E7A4F7556}") = "KancelarWeb", "Gui\KancelarWeb\KancelarWeb.csproj", "{15127C39-D48F-403A-8903-9271B6D3A0AA}"
EndProject
Project("{2150E333-8FDC-42A3-9474-1A3956D46DE8}") = "Uzivatel", "Uzivatel", "{C5C4FBA8-906D-4E27-9059-E1B30E181E2F}"
EndProject
Project("{2150E333-8FDC-42A3-9474-1A3956D46DE8}") = "Dochazka", "Dochazka", "{97ADFF6C-54B4-437E-B624-699BF2C91FCB}"
EndProject
Project("{9A19103F-16F7-4668-BE54-9A1E7A4F7556}") = "Dochazka_Api", "Services\Dochazka\Dochazka_Api\Dochazka_Api.csproj", "{189BB438-64B2-4924-B858-8ABA775A526D}"
EndProject
Project("{2150E333-8FDC-42A3-9474-1A3956D46DE8}") = "Communication", "Communication", "{17C6D484-1F80-4161-A899-259D2DAF4B9D}"
EndProject
Project("{9A19103F-16F7-4668-BE54-9A1E7A4F7556}") = "CommandHandler", "RabbitHandlers\CommandHandler\CommandHandler.csproj", "{8C6EDD88-C53B-45B2-9BB0-D46C5C5A307E}"
EndProject
Project("{2150E333-8FDC-42A3-9474-1A3956D46DE8}") = "Api", "Api", "{63E4C573-2E0D-405C-924C-1B76529200B0}"
EndProject
Project("{9A19103F-16F7-4668-BE54-9A1E7A4F7556}") = "WebApi", "Api\WebApi\WebApi.csproj", "{6DBEC2E1-5AFC-4B0B-BA78-C133D50A71F0}"
EndProject
Project("{2150E333-8FDC-42A3-9474-1A3956D46DE8}") = "Pritomnost", "Pritomnost", "{5C84E47F-5084-450E-B405-80D9AC44CFCB}"
EndProject
Project("{9A19103F-16F7-4668-BE54-9A1E7A4F7556}") = "Uzivatel_Api", "Services\Uzivatel\Uzivatel_Api\Uzivatel_Api.csproj", "{5D481B68-68D8-4BAA-98EF-3A3643EE216D}"
EndProject
Project("{2150E333-8FDC-42A3-9474-1A3956D46DE8}") = "EventStore", "EventStore", "{FDF8CCB4-ED95-4EA9-9B70-4DAF530D7A2E}"
EndProject
Project("{2150E333-8FDC-42A3-9474-1A3956D46DE8}") = "Solution Items", "Solution Items", "{44BB78CE-6047-4645-B8F7-157757DB6FA0}"
	ProjectSection(SolutionItems) = preProject
		.editorconfig = .editorconfig
		docker_back.txt = docker_back.txt
	EndProjectSection
EndProject
Project("{2150E333-8FDC-42A3-9474-1A3956D46DE8}") = "Monitor", "Monitor", "{809AD071-815E-4CA3-9563-AFC438280F16}"
EndProject
Project("{9A19103F-16F7-4668-BE54-9A1E7A4F7556}") = "Monitor", "Services\Monitor\Monitor\Monitor.csproj", "{822AD000-7187-4EFB-824F-5BEB3E43193E}"
EndProject
Project("{2150E333-8FDC-42A3-9474-1A3956D46DE8}") = "Kalendar", "Kalendar", "{DEC902A5-34EE-427E-B7CD-0B8C1FD90DA3}"
EndProject
Project("{9A19103F-16F7-4668-BE54-9A1E7A4F7556}") = "Kalendar_Api", "Services\Kalendar\Kalendar_Api\Kalendar_Api.csproj", "{4184E10D-FFA5-4385-ACBE-2876129F839F}"
EndProject
Project("{2150E333-8FDC-42A3-9474-1A3956D46DE8}") = "Template", "Template", "{44B5E574-18F3-4479-AAC7-D006A3717C76}"
EndProject
Project("{9A19103F-16F7-4668-BE54-9A1E7A4F7556}") = "Template", "Services\Template\Template\Template.csproj", "{D854008A-1563-4945-9D98-EBCD23DA6A7A}"
EndProject
Project("{9A19103F-16F7-4668-BE54-9A1E7A4F7556}") = "EventStore", "Services\EventStore\EventStore\EventStore.csproj", "{2EF11C7C-73DE-49AF-854B-E81BAC329D13}"
EndProject
Project("{9A19103F-16F7-4668-BE54-9A1E7A4F7556}") = "Pritomnost_Api", "Services\Pritomnost\Pritomnost_Api\Pritomnost_Api.csproj", "{42F628CA-9849-40A7-B874-8B2D84A84AAB}"
EndProject
Project("{2150E333-8FDC-42A3-9474-1A3956D46DE8}") = "Nastaveni", "Nastaveni", "{C6E5A67F-048D-46B6-A732-8B9965BCFC36}"
EndProject
Project("{9A19103F-16F7-4668-BE54-9A1E7A4F7556}") = "Nastaveni_Api", "Services\Nastaveni\Nastaveni_Api\Nastaveni_Api.csproj", "{C2916E13-3B45-41E9-BCF6-9AD3C0CB90BA}"
EndProject
Project("{2150E333-8FDC-42A3-9474-1A3956D46DE8}") = "Mzdy", "Mzdy", "{E0FD5DBE-453D-4B38-BCEC-FB8161E07308}"
EndProject
Project("{9A19103F-16F7-4668-BE54-9A1E7A4F7556}") = "Mzdy_Api", "Services\Mzdy\Mzdy_Api\Mzdy_Api.csproj", "{4D297E85-79E6-426C-937D-2C67FA5C5CB7}"
EndProject
Project("{2150E333-8FDC-42A3-9474-1A3956D46DE8}") = "Vykaz", "Vykaz", "{016BD442-F2EA-4D24-8670-DE80C0CDCD38}"
EndProject
Project("{9A19103F-16F7-4668-BE54-9A1E7A4F7556}") = "Vykaz_Api", "Services\Vykaz\Vykaz_Api\Vykaz_Api.csproj", "{0F6C17C1-90A0-492B-AC48-F134702BE66E}"
EndProject
Project("{2150E333-8FDC-42A3-9474-1A3956D46DE8}") = "Soucast", "Soucast", "{A566576F-3DB7-47CC-8132-81A9B8379597}"
EndProject
Project("{9A19103F-16F7-4668-BE54-9A1E7A4F7556}") = "Soucast_Api", "Services\Soucast\Soucast_Api\Soucast_Api.csproj", "{F9845EBD-C834-4A1F-B955-D0A37C9C6D7C}"
EndProject
Project("{2150E333-8FDC-42A3-9474-1A3956D46DE8}") = "Struktura", "Struktura", "{63F18DA4-FC79-4F0E-A86A-C4525BB915CE}"
EndProject
Project("{9A19103F-16F7-4668-BE54-9A1E7A4F7556}") = "Struktura_Api", "Services\Struktura\Struktura_Api\Struktura_Api.csproj", "{71E895C1-5ACE-4782-85C7-EE58FC40C320}"
EndProject
Project("{2150E333-8FDC-42A3-9474-1A3956D46DE8}") = "Opravneni", "Opravneni", "{28E73C8D-3B04-419E-9630-B0697FB067CE}"
EndProject
Project("{9A19103F-16F7-4668-BE54-9A1E7A4F7556}") = "Opravneni_Api", "Services\Opravneni\Opravneni_Api\Opravneni_Api.csproj", "{53689F82-D211-48EF-9470-C3767FC91617}"
EndProject
Project("{2150E333-8FDC-42A3-9474-1A3956D46DE8}") = "MailSender", "MailSender", "{E98A99FA-ECF6-4D1C-9B2D-C3914735C00B}"
EndProject
Project("{9A19103F-16F7-4668-BE54-9A1E7A4F7556}") = "MailSender_Api", "Services\MailSender\MailSender_Api\MailSender_Api.csproj", "{9768C1ED-8EA2-4FD8-8178-7AD86188A560}"
EndProject
Project("{2150E333-8FDC-42A3-9474-1A3956D46DE8}") = "Aktivita", "Aktivita", "{5354B64C-DC23-4AEC-B2A4-17BE4DCD93D2}"
EndProject
Project("{2150E333-8FDC-42A3-9474-1A3956D46DE8}") = "Cinnost", "Cinnost", "{B06E8119-DF2D-4EA9-A317-86BE4E0F60F3}"
EndProject
Project("{2150E333-8FDC-42A3-9474-1A3956D46DE8}") = "Ukol", "Ukol", "{92CB2487-3996-4B8A-B30B-C6709D9CC04D}"
EndProject
Project("{9A19103F-16F7-4668-BE54-9A1E7A4F7556}") = "Aktivita_Api", "Services\Aktivita\Aktivita_Api\Aktivita_Api.csproj", "{5F86C5A0-3C8A-49A9-85FF-C9A1FDB57096}"
EndProject
Project("{9A19103F-16F7-4668-BE54-9A1E7A4F7556}") = "Cinnost_Api", "Services\Cinnost\Cinnost_Api\Cinnost_Api.csproj", "{02CDD327-6C13-48BC-97A7-B3E1C5053762}"
EndProject
Project("{9A19103F-16F7-4668-BE54-9A1E7A4F7556}") = "Ukol_Api", "Services\Ukol\Ukol_Api\Ukol_Api.csproj", "{EBBCDB57-52FA-4642-B5C2-BF2B6747E700}"
EndProject
Project("{2150E333-8FDC-42A3-9474-1A3956D46DE8}") = "Transfer", "Transfer", "{C9BB9CAF-DB1F-4D97-8F47-D8DBC2979FF8}"
EndProject
Project("{9A19103F-16F7-4668-BE54-9A1E7A4F7556}") = "Transfer_Api", "Services\Transfer\Transfer_Api\Transfer_Api.csproj", "{93AB6F31-AECE-4136-A9FF-9B6B7652F96F}"
EndProject
Global
	GlobalSection(SolutionConfigurationPlatforms) = preSolution
		Debug|Any CPU = Debug|Any CPU
		Release|Any CPU = Release|Any CPU
	EndGlobalSection
	GlobalSection(ProjectConfigurationPlatforms) = postSolution
		{88A6FD86-5A09-4B01-A108-0A3E5E46FA97}.Debug|Any CPU.ActiveCfg = Debug|Any CPU
		{88A6FD86-5A09-4B01-A108-0A3E5E46FA97}.Debug|Any CPU.Build.0 = Debug|Any CPU
		{88A6FD86-5A09-4B01-A108-0A3E5E46FA97}.Release|Any CPU.ActiveCfg = Release|Any CPU
		{88A6FD86-5A09-4B01-A108-0A3E5E46FA97}.Release|Any CPU.Build.0 = Release|Any CPU
		{CBFC9C10-7825-4D86-A220-271C4A8206A5}.Debug|Any CPU.ActiveCfg = Debug|Any CPU
		{CBFC9C10-7825-4D86-A220-271C4A8206A5}.Debug|Any CPU.Build.0 = Debug|Any CPU
		{CBFC9C10-7825-4D86-A220-271C4A8206A5}.Release|Any CPU.ActiveCfg = Release|Any CPU
		{CBFC9C10-7825-4D86-A220-271C4A8206A5}.Release|Any CPU.Build.0 = Release|Any CPU
		{15127C39-D48F-403A-8903-9271B6D3A0AA}.Debug|Any CPU.ActiveCfg = Debug|Any CPU
		{15127C39-D48F-403A-8903-9271B6D3A0AA}.Debug|Any CPU.Build.0 = Debug|Any CPU
		{15127C39-D48F-403A-8903-9271B6D3A0AA}.Release|Any CPU.ActiveCfg = Release|Any CPU
		{15127C39-D48F-403A-8903-9271B6D3A0AA}.Release|Any CPU.Build.0 = Release|Any CPU
		{189BB438-64B2-4924-B858-8ABA775A526D}.Debug|Any CPU.ActiveCfg = Debug|Any CPU
		{189BB438-64B2-4924-B858-8ABA775A526D}.Debug|Any CPU.Build.0 = Debug|Any CPU
		{189BB438-64B2-4924-B858-8ABA775A526D}.Release|Any CPU.ActiveCfg = Release|Any CPU
		{189BB438-64B2-4924-B858-8ABA775A526D}.Release|Any CPU.Build.0 = Release|Any CPU
		{8C6EDD88-C53B-45B2-9BB0-D46C5C5A307E}.Debug|Any CPU.ActiveCfg = Debug|Any CPU
		{8C6EDD88-C53B-45B2-9BB0-D46C5C5A307E}.Debug|Any CPU.Build.0 = Debug|Any CPU
		{8C6EDD88-C53B-45B2-9BB0-D46C5C5A307E}.Release|Any CPU.ActiveCfg = Release|Any CPU
		{8C6EDD88-C53B-45B2-9BB0-D46C5C5A307E}.Release|Any CPU.Build.0 = Release|Any CPU
		{6DBEC2E1-5AFC-4B0B-BA78-C133D50A71F0}.Debug|Any CPU.ActiveCfg = Debug|Any CPU
		{6DBEC2E1-5AFC-4B0B-BA78-C133D50A71F0}.Debug|Any CPU.Build.0 = Debug|Any CPU
		{6DBEC2E1-5AFC-4B0B-BA78-C133D50A71F0}.Release|Any CPU.ActiveCfg = Release|Any CPU
		{6DBEC2E1-5AFC-4B0B-BA78-C133D50A71F0}.Release|Any CPU.Build.0 = Release|Any CPU
		{5D481B68-68D8-4BAA-98EF-3A3643EE216D}.Debug|Any CPU.ActiveCfg = Debug|Any CPU
		{5D481B68-68D8-4BAA-98EF-3A3643EE216D}.Debug|Any CPU.Build.0 = Debug|Any CPU
		{5D481B68-68D8-4BAA-98EF-3A3643EE216D}.Release|Any CPU.ActiveCfg = Release|Any CPU
		{5D481B68-68D8-4BAA-98EF-3A3643EE216D}.Release|Any CPU.Build.0 = Release|Any CPU
		{822AD000-7187-4EFB-824F-5BEB3E43193E}.Debug|Any CPU.ActiveCfg = Debug|Any CPU
		{822AD000-7187-4EFB-824F-5BEB3E43193E}.Debug|Any CPU.Build.0 = Debug|Any CPU
		{822AD000-7187-4EFB-824F-5BEB3E43193E}.Release|Any CPU.ActiveCfg = Release|Any CPU
		{822AD000-7187-4EFB-824F-5BEB3E43193E}.Release|Any CPU.Build.0 = Release|Any CPU
		{4184E10D-FFA5-4385-ACBE-2876129F839F}.Debug|Any CPU.ActiveCfg = Debug|Any CPU
		{4184E10D-FFA5-4385-ACBE-2876129F839F}.Debug|Any CPU.Build.0 = Debug|Any CPU
		{4184E10D-FFA5-4385-ACBE-2876129F839F}.Release|Any CPU.ActiveCfg = Release|Any CPU
		{4184E10D-FFA5-4385-ACBE-2876129F839F}.Release|Any CPU.Build.0 = Release|Any CPU
		{D854008A-1563-4945-9D98-EBCD23DA6A7A}.Debug|Any CPU.ActiveCfg = Debug|Any CPU
		{D854008A-1563-4945-9D98-EBCD23DA6A7A}.Debug|Any CPU.Build.0 = Debug|Any CPU
		{D854008A-1563-4945-9D98-EBCD23DA6A7A}.Release|Any CPU.ActiveCfg = Release|Any CPU
		{D854008A-1563-4945-9D98-EBCD23DA6A7A}.Release|Any CPU.Build.0 = Release|Any CPU
		{2EF11C7C-73DE-49AF-854B-E81BAC329D13}.Debug|Any CPU.ActiveCfg = Debug|Any CPU
		{2EF11C7C-73DE-49AF-854B-E81BAC329D13}.Debug|Any CPU.Build.0 = Debug|Any CPU
		{2EF11C7C-73DE-49AF-854B-E81BAC329D13}.Release|Any CPU.ActiveCfg = Release|Any CPU
		{2EF11C7C-73DE-49AF-854B-E81BAC329D13}.Release|Any CPU.Build.0 = Release|Any CPU
		{42F628CA-9849-40A7-B874-8B2D84A84AAB}.Debug|Any CPU.ActiveCfg = Debug|Any CPU
		{42F628CA-9849-40A7-B874-8B2D84A84AAB}.Debug|Any CPU.Build.0 = Debug|Any CPU
		{42F628CA-9849-40A7-B874-8B2D84A84AAB}.Release|Any CPU.ActiveCfg = Release|Any CPU
		{42F628CA-9849-40A7-B874-8B2D84A84AAB}.Release|Any CPU.Build.0 = Release|Any CPU
		{C2916E13-3B45-41E9-BCF6-9AD3C0CB90BA}.Debug|Any CPU.ActiveCfg = Debug|Any CPU
		{C2916E13-3B45-41E9-BCF6-9AD3C0CB90BA}.Debug|Any CPU.Build.0 = Debug|Any CPU
		{C2916E13-3B45-41E9-BCF6-9AD3C0CB90BA}.Release|Any CPU.ActiveCfg = Release|Any CPU
		{C2916E13-3B45-41E9-BCF6-9AD3C0CB90BA}.Release|Any CPU.Build.0 = Release|Any CPU
		{4D297E85-79E6-426C-937D-2C67FA5C5CB7}.Debug|Any CPU.ActiveCfg = Debug|Any CPU
		{4D297E85-79E6-426C-937D-2C67FA5C5CB7}.Debug|Any CPU.Build.0 = Debug|Any CPU
		{4D297E85-79E6-426C-937D-2C67FA5C5CB7}.Release|Any CPU.ActiveCfg = Release|Any CPU
		{4D297E85-79E6-426C-937D-2C67FA5C5CB7}.Release|Any CPU.Build.0 = Release|Any CPU
		{0F6C17C1-90A0-492B-AC48-F134702BE66E}.Debug|Any CPU.ActiveCfg = Debug|Any CPU
		{0F6C17C1-90A0-492B-AC48-F134702BE66E}.Debug|Any CPU.Build.0 = Debug|Any CPU
		{0F6C17C1-90A0-492B-AC48-F134702BE66E}.Release|Any CPU.ActiveCfg = Release|Any CPU
		{0F6C17C1-90A0-492B-AC48-F134702BE66E}.Release|Any CPU.Build.0 = Release|Any CPU
		{F9845EBD-C834-4A1F-B955-D0A37C9C6D7C}.Debug|Any CPU.ActiveCfg = Debug|Any CPU
		{F9845EBD-C834-4A1F-B955-D0A37C9C6D7C}.Debug|Any CPU.Build.0 = Debug|Any CPU
		{F9845EBD-C834-4A1F-B955-D0A37C9C6D7C}.Release|Any CPU.ActiveCfg = Release|Any CPU
		{F9845EBD-C834-4A1F-B955-D0A37C9C6D7C}.Release|Any CPU.Build.0 = Release|Any CPU
		{71E895C1-5ACE-4782-85C7-EE58FC40C320}.Debug|Any CPU.ActiveCfg = Debug|Any CPU
		{71E895C1-5ACE-4782-85C7-EE58FC40C320}.Debug|Any CPU.Build.0 = Debug|Any CPU
		{71E895C1-5ACE-4782-85C7-EE58FC40C320}.Release|Any CPU.ActiveCfg = Release|Any CPU
		{71E895C1-5ACE-4782-85C7-EE58FC40C320}.Release|Any CPU.Build.0 = Release|Any CPU
		{53689F82-D211-48EF-9470-C3767FC91617}.Debug|Any CPU.ActiveCfg = Debug|Any CPU
		{53689F82-D211-48EF-9470-C3767FC91617}.Debug|Any CPU.Build.0 = Debug|Any CPU
		{53689F82-D211-48EF-9470-C3767FC91617}.Release|Any CPU.ActiveCfg = Release|Any CPU
		{53689F82-D211-48EF-9470-C3767FC91617}.Release|Any CPU.Build.0 = Release|Any CPU
		{9768C1ED-8EA2-4FD8-8178-7AD86188A560}.Debug|Any CPU.ActiveCfg = Debug|Any CPU
		{9768C1ED-8EA2-4FD8-8178-7AD86188A560}.Debug|Any CPU.Build.0 = Debug|Any CPU
		{9768C1ED-8EA2-4FD8-8178-7AD86188A560}.Release|Any CPU.ActiveCfg = Release|Any CPU
		{9768C1ED-8EA2-4FD8-8178-7AD86188A560}.Release|Any CPU.Build.0 = Release|Any CPU
		{5F86C5A0-3C8A-49A9-85FF-C9A1FDB57096}.Debug|Any CPU.ActiveCfg = Debug|Any CPU
		{5F86C5A0-3C8A-49A9-85FF-C9A1FDB57096}.Debug|Any CPU.Build.0 = Debug|Any CPU
		{5F86C5A0-3C8A-49A9-85FF-C9A1FDB57096}.Release|Any CPU.ActiveCfg = Release|Any CPU
		{5F86C5A0-3C8A-49A9-85FF-C9A1FDB57096}.Release|Any CPU.Build.0 = Release|Any CPU
		{02CDD327-6C13-48BC-97A7-B3E1C5053762}.Debug|Any CPU.ActiveCfg = Debug|Any CPU
		{02CDD327-6C13-48BC-97A7-B3E1C5053762}.Debug|Any CPU.Build.0 = Debug|Any CPU
		{02CDD327-6C13-48BC-97A7-B3E1C5053762}.Release|Any CPU.ActiveCfg = Release|Any CPU
		{02CDD327-6C13-48BC-97A7-B3E1C5053762}.Release|Any CPU.Build.0 = Release|Any CPU
		{EBBCDB57-52FA-4642-B5C2-BF2B6747E700}.Debug|Any CPU.ActiveCfg = Debug|Any CPU
		{EBBCDB57-52FA-4642-B5C2-BF2B6747E700}.Debug|Any CPU.Build.0 = Debug|Any CPU
		{EBBCDB57-52FA-4642-B5C2-BF2B6747E700}.Release|Any CPU.ActiveCfg = Release|Any CPU
		{EBBCDB57-52FA-4642-B5C2-BF2B6747E700}.Release|Any CPU.Build.0 = Release|Any CPU
		{93AB6F31-AECE-4136-A9FF-9B6B7652F96F}.Debug|Any CPU.ActiveCfg = Debug|Any CPU
		{93AB6F31-AECE-4136-A9FF-9B6B7652F96F}.Debug|Any CPU.Build.0 = Debug|Any CPU
		{93AB6F31-AECE-4136-A9FF-9B6B7652F96F}.Release|Any CPU.ActiveCfg = Release|Any CPU
		{93AB6F31-AECE-4136-A9FF-9B6B7652F96F}.Release|Any CPU.Build.0 = Release|Any CPU
	EndGlobalSection
	GlobalSection(SolutionProperties) = preSolution
		HideSolutionNode = FALSE
	EndGlobalSection
	GlobalSection(NestedProjects) = preSolution
		{3EF95272-BE38-412B-8666-08F416A7BECE} = {91054B8F-6B80-49D5-B3F1-415C43CAD059}
		{CBFC9C10-7825-4D86-A220-271C4A8206A5} = {3EF95272-BE38-412B-8666-08F416A7BECE}
		{15127C39-D48F-403A-8903-9271B6D3A0AA} = {F5D5C0A9-DBA8-4D89-BED2-BC5E3CEA0E25}
		{C5C4FBA8-906D-4E27-9059-E1B30E181E2F} = {91054B8F-6B80-49D5-B3F1-415C43CAD059}
		{97ADFF6C-54B4-437E-B624-699BF2C91FCB} = {91054B8F-6B80-49D5-B3F1-415C43CAD059}
		{189BB438-64B2-4924-B858-8ABA775A526D} = {97ADFF6C-54B4-437E-B624-699BF2C91FCB}
		{8C6EDD88-C53B-45B2-9BB0-D46C5C5A307E} = {17C6D484-1F80-4161-A899-259D2DAF4B9D}
		{6DBEC2E1-5AFC-4B0B-BA78-C133D50A71F0} = {63E4C573-2E0D-405C-924C-1B76529200B0}
		{5C84E47F-5084-450E-B405-80D9AC44CFCB} = {91054B8F-6B80-49D5-B3F1-415C43CAD059}
		{5D481B68-68D8-4BAA-98EF-3A3643EE216D} = {C5C4FBA8-906D-4E27-9059-E1B30E181E2F}
		{FDF8CCB4-ED95-4EA9-9B70-4DAF530D7A2E} = {91054B8F-6B80-49D5-B3F1-415C43CAD059}
		{809AD071-815E-4CA3-9563-AFC438280F16} = {91054B8F-6B80-49D5-B3F1-415C43CAD059}
		{822AD000-7187-4EFB-824F-5BEB3E43193E} = {809AD071-815E-4CA3-9563-AFC438280F16}
		{DEC902A5-34EE-427E-B7CD-0B8C1FD90DA3} = {91054B8F-6B80-49D5-B3F1-415C43CAD059}
		{4184E10D-FFA5-4385-ACBE-2876129F839F} = {DEC902A5-34EE-427E-B7CD-0B8C1FD90DA3}
		{44B5E574-18F3-4479-AAC7-D006A3717C76} = {91054B8F-6B80-49D5-B3F1-415C43CAD059}
		{D854008A-1563-4945-9D98-EBCD23DA6A7A} = {44B5E574-18F3-4479-AAC7-D006A3717C76}
		{2EF11C7C-73DE-49AF-854B-E81BAC329D13} = {FDF8CCB4-ED95-4EA9-9B70-4DAF530D7A2E}
		{42F628CA-9849-40A7-B874-8B2D84A84AAB} = {5C84E47F-5084-450E-B405-80D9AC44CFCB}
		{C6E5A67F-048D-46B6-A732-8B9965BCFC36} = {91054B8F-6B80-49D5-B3F1-415C43CAD059}
		{C2916E13-3B45-41E9-BCF6-9AD3C0CB90BA} = {C6E5A67F-048D-46B6-A732-8B9965BCFC36}
		{E0FD5DBE-453D-4B38-BCEC-FB8161E07308} = {91054B8F-6B80-49D5-B3F1-415C43CAD059}
		{4D297E85-79E6-426C-937D-2C67FA5C5CB7} = {E0FD5DBE-453D-4B38-BCEC-FB8161E07308}
		{016BD442-F2EA-4D24-8670-DE80C0CDCD38} = {91054B8F-6B80-49D5-B3F1-415C43CAD059}
		{0F6C17C1-90A0-492B-AC48-F134702BE66E} = {016BD442-F2EA-4D24-8670-DE80C0CDCD38}
		{A566576F-3DB7-47CC-8132-81A9B8379597} = {91054B8F-6B80-49D5-B3F1-415C43CAD059}
		{F9845EBD-C834-4A1F-B955-D0A37C9C6D7C} = {A566576F-3DB7-47CC-8132-81A9B8379597}
		{63F18DA4-FC79-4F0E-A86A-C4525BB915CE} = {91054B8F-6B80-49D5-B3F1-415C43CAD059}
		{71E895C1-5ACE-4782-85C7-EE58FC40C320} = {63F18DA4-FC79-4F0E-A86A-C4525BB915CE}
		{28E73C8D-3B04-419E-9630-B0697FB067CE} = {91054B8F-6B80-49D5-B3F1-415C43CAD059}
		{53689F82-D211-48EF-9470-C3767FC91617} = {28E73C8D-3B04-419E-9630-B0697FB067CE}
		{E98A99FA-ECF6-4D1C-9B2D-C3914735C00B} = {91054B8F-6B80-49D5-B3F1-415C43CAD059}
		{9768C1ED-8EA2-4FD8-8178-7AD86188A560} = {E98A99FA-ECF6-4D1C-9B2D-C3914735C00B}
		{5354B64C-DC23-4AEC-B2A4-17BE4DCD93D2} = {91054B8F-6B80-49D5-B3F1-415C43CAD059}
		{B06E8119-DF2D-4EA9-A317-86BE4E0F60F3} = {91054B8F-6B80-49D5-B3F1-415C43CAD059}
		{92CB2487-3996-4B8A-B30B-C6709D9CC04D} = {91054B8F-6B80-49D5-B3F1-415C43CAD059}
		{5F86C5A0-3C8A-49A9-85FF-C9A1FDB57096} = {5354B64C-DC23-4AEC-B2A4-17BE4DCD93D2}
		{02CDD327-6C13-48BC-97A7-B3E1C5053762} = {B06E8119-DF2D-4EA9-A317-86BE4E0F60F3}
		{EBBCDB57-52FA-4642-B5C2-BF2B6747E700} = {92CB2487-3996-4B8A-B30B-C6709D9CC04D}
		{C9BB9CAF-DB1F-4D97-8F47-D8DBC2979FF8} = {91054B8F-6B80-49D5-B3F1-415C43CAD059}
		{93AB6F31-AECE-4136-A9FF-9B6B7652F96F} = {C9BB9CAF-DB1F-4D97-8F47-D8DBC2979FF8}
	EndGlobalSection
	GlobalSection(ExtensibilityGlobals) = postSolution
		SolutionGuid = {FA02534C-DA03-44C8-9DAA-704670F31BEC}
	EndGlobalSection
EndGlobal
