
Microsoft Visual Studio Solution File, Format Version 12.00
# Visual Studio Version 16
VisualStudioVersion = 16.0.29728.190
MinimumVisualStudioVersion = 10.0.40219.1
Project("{9A19103F-16F7-4668-BE54-9A1E7A4F7556}") = "Uzivatel_Api", "Uzivatel_Api.csproj", "{19D13D24-F480-42BF-AD27-060E25984D16}"
EndProject
Project("{E53339B2-1760-4266-BCC7-CA923CBCF16C}") = "docker-compose", "docker-compose.dcproj", "{EAD67AB9-6E8B-4568-8944-C80A91B815F9}"
EndProject
Project("{9A19103F-16F7-4668-BE54-9A1E7A4F7556}") = "CommandHandler", "..\..\..\RabbitHandlers\CommandHandler\CommandHandler.csproj", "{9C440E98-9344-4BF4-96BF-D09D45B0647F}"
EndProject
Global
	GlobalSection(SolutionConfigurationPlatforms) = preSolution
		Debug|Any CPU = Debug|Any CPU
		Release|Any CPU = Release|Any CPU
	EndGlobalSection
	GlobalSection(ProjectConfigurationPlatforms) = postSolution
		{19D13D24-F480-42BF-AD27-060E25984D16}.Debug|Any CPU.ActiveCfg = Debug|Any CPU
		{19D13D24-F480-42BF-AD27-060E25984D16}.Debug|Any CPU.Build.0 = Debug|Any CPU
		{19D13D24-F480-42BF-AD27-060E25984D16}.Release|Any CPU.ActiveCfg = Release|Any CPU
		{19D13D24-F480-42BF-AD27-060E25984D16}.Release|Any CPU.Build.0 = Release|Any CPU
		{EAD67AB9-6E8B-4568-8944-C80A91B815F9}.Debug|Any CPU.ActiveCfg = Debug|Any CPU
		{EAD67AB9-6E8B-4568-8944-C80A91B815F9}.Debug|Any CPU.Build.0 = Debug|Any CPU
		{EAD67AB9-6E8B-4568-8944-C80A91B815F9}.Release|Any CPU.ActiveCfg = Release|Any CPU
		{EAD67AB9-6E8B-4568-8944-C80A91B815F9}.Release|Any CPU.Build.0 = Release|Any CPU
		{9C440E98-9344-4BF4-96BF-D09D45B0647F}.Debug|Any CPU.ActiveCfg = Debug|Any CPU
		{9C440E98-9344-4BF4-96BF-D09D45B0647F}.Debug|Any CPU.Build.0 = Debug|Any CPU
		{9C440E98-9344-4BF4-96BF-D09D45B0647F}.Release|Any CPU.ActiveCfg = Release|Any CPU
		{9C440E98-9344-4BF4-96BF-D09D45B0647F}.Release|Any CPU.Build.0 = Release|Any CPU
	EndGlobalSection
	GlobalSection(SolutionProperties) = preSolution
		HideSolutionNode = FALSE
	EndGlobalSection
	GlobalSection(ExtensibilityGlobals) = postSolution
		SolutionGuid = {AD040910-DEE0-46FC-BAD2-7A651C09B5AE}
	EndGlobalSection
EndGlobal
